
Microsoft Visual Studio Solution File, Format Version 12.00
# Visual Studio Version 17
VisualStudioVersion = 17.10.34928.147
MinimumVisualStudioVersion = 10.0.40219.1
Project("{FAE04EC0-301F-11D3-BF4B-00C04F79EFBC}") = "Calculos", "Calculos.csproj", "{6314B977-0817-4043-8405-DC09B83E5CDE}"
EndProject
Project("{FAE04EC0-301F-11D3-BF4B-00C04F79EFBC}") = "Calculos.Test", "..\Calculos.Test\Calculos.Test.csproj", "{DF67E90B-6527-4347-AACA-03ECB5DEA95C}"
EndProject
Global
	GlobalSection(SolutionConfigurationPlatforms) = preSolution
		Debug|Any CPU = Debug|Any CPU
		Release|Any CPU = Release|Any CPU
	EndGlobalSection
	GlobalSection(ProjectConfigurationPlatforms) = postSolution
		{6314B977-0817-4043-8405-DC09B83E5CDE}.Debug|Any CPU.ActiveCfg = Debug|Any CPU
		{6314B977-0817-4043-8405-DC09B83E5CDE}.Debug|Any CPU.Build.0 = Debug|Any CPU
		{6314B977-0817-4043-8405-DC09B83E5CDE}.Release|Any CPU.ActiveCfg = Release|Any CPU
		{6314B977-0817-4043-8405-DC09B83E5CDE}.Release|Any CPU.Build.0 = Release|Any CPU
		{DF67E90B-6527-4347-AACA-03ECB5DEA95C}.Debug|Any CPU.ActiveCfg = Debug|Any CPU
		{DF67E90B-6527-4347-AACA-03ECB5DEA95C}.Debug|Any CPU.Build.0 = Debug|Any CPU
		{DF67E90B-6527-4347-AACA-03ECB5DEA95C}.Release|Any CPU.ActiveCfg = Release|Any CPU
		{DF67E90B-6527-4347-AACA-03ECB5DEA95C}.Release|Any CPU.Build.0 = Release|Any CPU
	EndGlobalSection
	GlobalSection(SolutionProperties) = preSolution
		HideSolutionNode = FALSE
	EndGlobalSection
	GlobalSection(ExtensibilityGlobals) = postSolution
		SolutionGuid = {5E58D6E0-F609-4E35-9EAA-870D7ABF7EB6}
	EndGlobalSection
EndGlobal
