
Microsoft Visual Studio Solution File, Format Version 12.00
# Visual Studio Version 17
VisualStudioVersion = 17.5.002.0
MinimumVisualStudioVersion = 10.0.40219.1
Project("{9A19103F-16F7-4668-BE54-9A1E7A4F7556}") = "Estrutura Condicional", "Estrutura Condicional.csproj", "{85306C24-D9DE-411E-9712-A091C48B0C72}"
EndProject
Global
	GlobalSection(SolutionConfigurationPlatforms) = preSolution
		Debug|Any CPU = Debug|Any CPU
		Release|Any CPU = Release|Any CPU
	EndGlobalSection
	GlobalSection(ProjectConfigurationPlatforms) = postSolution
		{85306C24-D9DE-411E-9712-A091C48B0C72}.Debug|Any CPU.ActiveCfg = Debug|Any CPU
		{85306C24-D9DE-411E-9712-A091C48B0C72}.Debug|Any CPU.Build.0 = Debug|Any CPU
		{85306C24-D9DE-411E-9712-A091C48B0C72}.Release|Any CPU.ActiveCfg = Release|Any CPU
		{85306C24-D9DE-411E-9712-A091C48B0C72}.Release|Any CPU.Build.0 = Release|Any CPU
	EndGlobalSection
	GlobalSection(SolutionProperties) = preSolution
		HideSolutionNode = FALSE
	EndGlobalSection
	GlobalSection(ExtensibilityGlobals) = postSolution
		SolutionGuid = {223DD9F9-0768-4BD9-B1BF-A23F553245BD}
	EndGlobalSection
EndGlobal
