
Microsoft Visual Studio Solution File, Format Version 12.00
# Visual Studio Version 17
VisualStudioVersion = 17.10.34928.147
MinimumVisualStudioVersion = 10.0.40219.1
Project("{9A19103F-16F7-4668-BE54-9A1E7A4F7556}") = "apiTestxUnit", "apiTestxUnit.csproj", "{C891642E-D9FD-4C37-A99A-26C0CC98B919}"
EndProject
Project("{FAE04EC0-301F-11D3-BF4B-00C04F79EFBC}") = "testApixUnit.Test", "..\testApixUnit.Test\testApixUnit.Test.csproj", "{06CF19D4-EDA8-4FBC-AB18-66263E0C570C}"
EndProject
Global
	GlobalSection(SolutionConfigurationPlatforms) = preSolution
		Debug|Any CPU = Debug|Any CPU
		Release|Any CPU = Release|Any CPU
	EndGlobalSection
	GlobalSection(ProjectConfigurationPlatforms) = postSolution
		{C891642E-D9FD-4C37-A99A-26C0CC98B919}.Debug|Any CPU.ActiveCfg = Debug|Any CPU
		{C891642E-D9FD-4C37-A99A-26C0CC98B919}.Debug|Any CPU.Build.0 = Debug|Any CPU
		{C891642E-D9FD-4C37-A99A-26C0CC98B919}.Release|Any CPU.ActiveCfg = Release|Any CPU
		{C891642E-D9FD-4C37-A99A-26C0CC98B919}.Release|Any CPU.Build.0 = Release|Any CPU
		{06CF19D4-EDA8-4FBC-AB18-66263E0C570C}.Debug|Any CPU.ActiveCfg = Debug|Any CPU
		{06CF19D4-EDA8-4FBC-AB18-66263E0C570C}.Debug|Any CPU.Build.0 = Debug|Any CPU
		{06CF19D4-EDA8-4FBC-AB18-66263E0C570C}.Release|Any CPU.ActiveCfg = Release|Any CPU
		{06CF19D4-EDA8-4FBC-AB18-66263E0C570C}.Release|Any CPU.Build.0 = Release|Any CPU
	EndGlobalSection
	GlobalSection(SolutionProperties) = preSolution
		HideSolutionNode = FALSE
	EndGlobalSection
	GlobalSection(ExtensibilityGlobals) = postSolution
		SolutionGuid = {AB511ED1-6FBD-4066-81E4-F4F2FF64044E}
	EndGlobalSection
EndGlobal
